
Microsoft Visual Studio Solution File, Format Version 12.00
# Visual Studio 15
VisualStudioVersion = 15.0.26124.0
MinimumVisualStudioVersion = 15.0.26124.0
Project("{2150E333-8FDC-42A3-9474-1A3956D46DE8}") = "src", "src", "{2B8FEAF6-7B39-45AB-915A-FE100539603A}"
EndProject
Project("{9A19103F-16F7-4668-BE54-9A1E7A4F7556}") = "KetoPal.Api", "src\KetoPal.Api\KetoPal.Api.csproj", "{E592607C-C4B2-4CB7-9D73-CC5FD2EB2163}"
EndProject
Project("{2150E333-8FDC-42A3-9474-1A3956D46DE8}") = "tests", "tests", "{806F779C-B1E7-4B3A-A6A5-9B0A13291BB3}"
EndProject
Project("{9A19103F-16F7-4668-BE54-9A1E7A4F7556}") = "KetoPal.Core", "src\KetoPal.Core\KetoPal.Core.csproj", "{CF4598B2-7113-4321-BDC0-FCFAACB3F3F8}"
EndProject
Project("{9A19103F-16F7-4668-BE54-9A1E7A4F7556}") = "KetoPal.Infrastructure", "src\KetoPal.Infrastructure\KetoPal.Infrastructure.csproj", "{8FB6CB64-0DFF-4453-A01A-99CB15DC432E}"
EndProject
Project("{9A19103F-16F7-4668-BE54-9A1E7A4F7556}") = "KetoPal.Tests", "tests\KetoPal.Tests\KetoPal.Tests.csproj", "{8656CA83-1613-4B10-9AAB-F993095CCB59}"
EndProject
Project("{FAE04EC0-301F-11D3-BF4B-00C04F79EFBC}") = "KetoPal.SlowTests", "tests\KetoPal.SlowTests\KetoPal.SlowTests.csproj", "{79C5C5A8-65A3-4AA6-A3EC-4572F1E85A0A}"
EndProject
Global
	GlobalSection(SolutionConfigurationPlatforms) = preSolution
		Debug|Any CPU = Debug|Any CPU
		Debug|x64 = Debug|x64
		Debug|x86 = Debug|x86
		Release|Any CPU = Release|Any CPU
		Release|x64 = Release|x64
		Release|x86 = Release|x86
	EndGlobalSection
	GlobalSection(ProjectConfigurationPlatforms) = postSolution
		{E592607C-C4B2-4CB7-9D73-CC5FD2EB2163}.Debug|Any CPU.ActiveCfg = Debug|Any CPU
		{E592607C-C4B2-4CB7-9D73-CC5FD2EB2163}.Debug|Any CPU.Build.0 = Debug|Any CPU
		{E592607C-C4B2-4CB7-9D73-CC5FD2EB2163}.Debug|x64.ActiveCfg = Debug|Any CPU
		{E592607C-C4B2-4CB7-9D73-CC5FD2EB2163}.Debug|x64.Build.0 = Debug|Any CPU
		{E592607C-C4B2-4CB7-9D73-CC5FD2EB2163}.Debug|x86.ActiveCfg = Debug|Any CPU
		{E592607C-C4B2-4CB7-9D73-CC5FD2EB2163}.Debug|x86.Build.0 = Debug|Any CPU
		{E592607C-C4B2-4CB7-9D73-CC5FD2EB2163}.Release|Any CPU.ActiveCfg = Release|Any CPU
		{E592607C-C4B2-4CB7-9D73-CC5FD2EB2163}.Release|Any CPU.Build.0 = Release|Any CPU
		{E592607C-C4B2-4CB7-9D73-CC5FD2EB2163}.Release|x64.ActiveCfg = Release|Any CPU
		{E592607C-C4B2-4CB7-9D73-CC5FD2EB2163}.Release|x64.Build.0 = Release|Any CPU
		{E592607C-C4B2-4CB7-9D73-CC5FD2EB2163}.Release|x86.ActiveCfg = Release|Any CPU
		{E592607C-C4B2-4CB7-9D73-CC5FD2EB2163}.Release|x86.Build.0 = Release|Any CPU
		{CF4598B2-7113-4321-BDC0-FCFAACB3F3F8}.Debug|Any CPU.ActiveCfg = Debug|Any CPU
		{CF4598B2-7113-4321-BDC0-FCFAACB3F3F8}.Debug|Any CPU.Build.0 = Debug|Any CPU
		{CF4598B2-7113-4321-BDC0-FCFAACB3F3F8}.Debug|x64.ActiveCfg = Debug|Any CPU
		{CF4598B2-7113-4321-BDC0-FCFAACB3F3F8}.Debug|x64.Build.0 = Debug|Any CPU
		{CF4598B2-7113-4321-BDC0-FCFAACB3F3F8}.Debug|x86.ActiveCfg = Debug|Any CPU
		{CF4598B2-7113-4321-BDC0-FCFAACB3F3F8}.Debug|x86.Build.0 = Debug|Any CPU
		{CF4598B2-7113-4321-BDC0-FCFAACB3F3F8}.Release|Any CPU.ActiveCfg = Release|Any CPU
		{CF4598B2-7113-4321-BDC0-FCFAACB3F3F8}.Release|Any CPU.Build.0 = Release|Any CPU
		{CF4598B2-7113-4321-BDC0-FCFAACB3F3F8}.Release|x64.ActiveCfg = Release|Any CPU
		{CF4598B2-7113-4321-BDC0-FCFAACB3F3F8}.Release|x64.Build.0 = Release|Any CPU
		{CF4598B2-7113-4321-BDC0-FCFAACB3F3F8}.Release|x86.ActiveCfg = Release|Any CPU
		{CF4598B2-7113-4321-BDC0-FCFAACB3F3F8}.Release|x86.Build.0 = Release|Any CPU
		{8FB6CB64-0DFF-4453-A01A-99CB15DC432E}.Debug|Any CPU.ActiveCfg = Debug|Any CPU
		{8FB6CB64-0DFF-4453-A01A-99CB15DC432E}.Debug|Any CPU.Build.0 = Debug|Any CPU
		{8FB6CB64-0DFF-4453-A01A-99CB15DC432E}.Debug|x64.ActiveCfg = Debug|Any CPU
		{8FB6CB64-0DFF-4453-A01A-99CB15DC432E}.Debug|x64.Build.0 = Debug|Any CPU
		{8FB6CB64-0DFF-4453-A01A-99CB15DC432E}.Debug|x86.ActiveCfg = Debug|Any CPU
		{8FB6CB64-0DFF-4453-A01A-99CB15DC432E}.Debug|x86.Build.0 = Debug|Any CPU
		{8FB6CB64-0DFF-4453-A01A-99CB15DC432E}.Release|Any CPU.ActiveCfg = Release|Any CPU
		{8FB6CB64-0DFF-4453-A01A-99CB15DC432E}.Release|Any CPU.Build.0 = Release|Any CPU
		{8FB6CB64-0DFF-4453-A01A-99CB15DC432E}.Release|x64.ActiveCfg = Release|Any CPU
		{8FB6CB64-0DFF-4453-A01A-99CB15DC432E}.Release|x64.Build.0 = Release|Any CPU
		{8FB6CB64-0DFF-4453-A01A-99CB15DC432E}.Release|x86.ActiveCfg = Release|Any CPU
		{8FB6CB64-0DFF-4453-A01A-99CB15DC432E}.Release|x86.Build.0 = Release|Any CPU
		{8656CA83-1613-4B10-9AAB-F993095CCB59}.Debug|Any CPU.ActiveCfg = Debug|Any CPU
		{8656CA83-1613-4B10-9AAB-F993095CCB59}.Debug|Any CPU.Build.0 = Debug|Any CPU
		{8656CA83-1613-4B10-9AAB-F993095CCB59}.Debug|x64.ActiveCfg = Debug|Any CPU
		{8656CA83-1613-4B10-9AAB-F993095CCB59}.Debug|x64.Build.0 = Debug|Any CPU
		{8656CA83-1613-4B10-9AAB-F993095CCB59}.Debug|x86.ActiveCfg = Debug|Any CPU
		{8656CA83-1613-4B10-9AAB-F993095CCB59}.Debug|x86.Build.0 = Debug|Any CPU
		{8656CA83-1613-4B10-9AAB-F993095CCB59}.Release|Any CPU.ActiveCfg = Release|Any CPU
		{8656CA83-1613-4B10-9AAB-F993095CCB59}.Release|Any CPU.Build.0 = Release|Any CPU
		{8656CA83-1613-4B10-9AAB-F993095CCB59}.Release|x64.ActiveCfg = Release|Any CPU
		{8656CA83-1613-4B10-9AAB-F993095CCB59}.Release|x64.Build.0 = Release|Any CPU
		{8656CA83-1613-4B10-9AAB-F993095CCB59}.Release|x86.ActiveCfg = Release|Any CPU
		{8656CA83-1613-4B10-9AAB-F993095CCB59}.Release|x86.Build.0 = Release|Any CPU
		{79C5C5A8-65A3-4AA6-A3EC-4572F1E85A0A}.Debug|Any CPU.ActiveCfg = Debug|Any CPU
		{79C5C5A8-65A3-4AA6-A3EC-4572F1E85A0A}.Debug|Any CPU.Build.0 = Debug|Any CPU
		{79C5C5A8-65A3-4AA6-A3EC-4572F1E85A0A}.Debug|x64.ActiveCfg = Debug|Any CPU
		{79C5C5A8-65A3-4AA6-A3EC-4572F1E85A0A}.Debug|x64.Build.0 = Debug|Any CPU
		{79C5C5A8-65A3-4AA6-A3EC-4572F1E85A0A}.Debug|x86.ActiveCfg = Debug|Any CPU
		{79C5C5A8-65A3-4AA6-A3EC-4572F1E85A0A}.Debug|x86.Build.0 = Debug|Any CPU
		{79C5C5A8-65A3-4AA6-A3EC-4572F1E85A0A}.Release|Any CPU.ActiveCfg = Release|Any CPU
		{79C5C5A8-65A3-4AA6-A3EC-4572F1E85A0A}.Release|Any CPU.Build.0 = Release|Any CPU
		{79C5C5A8-65A3-4AA6-A3EC-4572F1E85A0A}.Release|x64.ActiveCfg = Release|Any CPU
		{79C5C5A8-65A3-4AA6-A3EC-4572F1E85A0A}.Release|x64.Build.0 = Release|Any CPU
		{79C5C5A8-65A3-4AA6-A3EC-4572F1E85A0A}.Release|x86.ActiveCfg = Release|Any CPU
		{79C5C5A8-65A3-4AA6-A3EC-4572F1E85A0A}.Release|x86.Build.0 = Release|Any CPU
	EndGlobalSection
	GlobalSection(SolutionProperties) = preSolution
		HideSolutionNode = FALSE
	EndGlobalSection
	GlobalSection(NestedProjects) = preSolution
		{E592607C-C4B2-4CB7-9D73-CC5FD2EB2163} = {2B8FEAF6-7B39-45AB-915A-FE100539603A}
		{CF4598B2-7113-4321-BDC0-FCFAACB3F3F8} = {2B8FEAF6-7B39-45AB-915A-FE100539603A}
		{8FB6CB64-0DFF-4453-A01A-99CB15DC432E} = {2B8FEAF6-7B39-45AB-915A-FE100539603A}
		{8656CA83-1613-4B10-9AAB-F993095CCB59} = {806F779C-B1E7-4B3A-A6A5-9B0A13291BB3}
		{79C5C5A8-65A3-4AA6-A3EC-4572F1E85A0A} = {806F779C-B1E7-4B3A-A6A5-9B0A13291BB3}
	EndGlobalSection
	GlobalSection(ExtensibilityGlobals) = postSolution
		SolutionGuid = {F38AFC3E-F17E-420E-9297-1D1595941564}
	EndGlobalSection
EndGlobal
