
Microsoft Visual Studio Solution File, Format Version 12.00
# Visual Studio 15
VisualStudioVersion = 15.0.26124.0
MinimumVisualStudioVersion = 15.0.26124.0
Project("{2150E333-8FDC-42A3-9474-1A3956D46DE8}") = "src", "src", "{2B8FEAF6-7B39-45AB-915A-FE100539603A}"
EndProject
Project("{9A19103F-16F7-4668-BE54-9A1E7A4F7556}") = "KetoPal.Api", "src\KetoPal.Api\KetoPal.Api.csproj", "{E592607C-C4B2-4CB7-9D73-CC5FD2EB2163}"
EndProject
Project("{9A19103F-16F7-4668-BE54-9A1E7A4F7556}") = "KetoPal.Tests", "tests\KetoPal.Tests.csproj", "{78103E11-24A7-47EF-93C3-2A85149A2657}"
EndProject
Project("{2150E333-8FDC-42A3-9474-1A3956D46DE8}") = "tests", "tests", "{806F779C-B1E7-4B3A-A6A5-9B0A13291BB3}"
EndProject
Global
	GlobalSection(SolutionConfigurationPlatforms) = preSolution
		Debug|Any CPU = Debug|Any CPU
		Debug|x64 = Debug|x64
		Debug|x86 = Debug|x86
		Release|Any CPU = Release|Any CPU
		Release|x64 = Release|x64
		Release|x86 = Release|x86
	EndGlobalSection
	GlobalSection(ProjectConfigurationPlatforms) = postSolution
		{E592607C-C4B2-4CB7-9D73-CC5FD2EB2163}.Debug|Any CPU.ActiveCfg = Debug|Any CPU
		{E592607C-C4B2-4CB7-9D73-CC5FD2EB2163}.Debug|Any CPU.Build.0 = Debug|Any CPU
		{E592607C-C4B2-4CB7-9D73-CC5FD2EB2163}.Debug|x64.ActiveCfg = Debug|Any CPU
		{E592607C-C4B2-4CB7-9D73-CC5FD2EB2163}.Debug|x64.Build.0 = Debug|Any CPU
		{E592607C-C4B2-4CB7-9D73-CC5FD2EB2163}.Debug|x86.ActiveCfg = Debug|Any CPU
		{E592607C-C4B2-4CB7-9D73-CC5FD2EB2163}.Debug|x86.Build.0 = Debug|Any CPU
		{E592607C-C4B2-4CB7-9D73-CC5FD2EB2163}.Release|Any CPU.ActiveCfg = Release|Any CPU
		{E592607C-C4B2-4CB7-9D73-CC5FD2EB2163}.Release|Any CPU.Build.0 = Release|Any CPU
		{E592607C-C4B2-4CB7-9D73-CC5FD2EB2163}.Release|x64.ActiveCfg = Release|Any CPU
		{E592607C-C4B2-4CB7-9D73-CC5FD2EB2163}.Release|x64.Build.0 = Release|Any CPU
		{E592607C-C4B2-4CB7-9D73-CC5FD2EB2163}.Release|x86.ActiveCfg = Release|Any CPU
		{E592607C-C4B2-4CB7-9D73-CC5FD2EB2163}.Release|x86.Build.0 = Release|Any CPU
		{78103E11-24A7-47EF-93C3-2A85149A2657}.Debug|Any CPU.ActiveCfg = Debug|Any CPU
		{78103E11-24A7-47EF-93C3-2A85149A2657}.Debug|Any CPU.Build.0 = Debug|Any CPU
		{78103E11-24A7-47EF-93C3-2A85149A2657}.Debug|x64.ActiveCfg = Debug|Any CPU
		{78103E11-24A7-47EF-93C3-2A85149A2657}.Debug|x64.Build.0 = Debug|Any CPU
		{78103E11-24A7-47EF-93C3-2A85149A2657}.Debug|x86.ActiveCfg = Debug|Any CPU
		{78103E11-24A7-47EF-93C3-2A85149A2657}.Debug|x86.Build.0 = Debug|Any CPU
		{78103E11-24A7-47EF-93C3-2A85149A2657}.Release|Any CPU.ActiveCfg = Release|Any CPU
		{78103E11-24A7-47EF-93C3-2A85149A2657}.Release|Any CPU.Build.0 = Release|Any CPU
		{78103E11-24A7-47EF-93C3-2A85149A2657}.Release|x64.ActiveCfg = Release|Any CPU
		{78103E11-24A7-47EF-93C3-2A85149A2657}.Release|x64.Build.0 = Release|Any CPU
		{78103E11-24A7-47EF-93C3-2A85149A2657}.Release|x86.ActiveCfg = Release|Any CPU
		{78103E11-24A7-47EF-93C3-2A85149A2657}.Release|x86.Build.0 = Release|Any CPU
	EndGlobalSection
	GlobalSection(SolutionProperties) = preSolution
		HideSolutionNode = FALSE
	EndGlobalSection
	GlobalSection(NestedProjects) = preSolution
		{E592607C-C4B2-4CB7-9D73-CC5FD2EB2163} = {2B8FEAF6-7B39-45AB-915A-FE100539603A}
		{78103E11-24A7-47EF-93C3-2A85149A2657} = {806F779C-B1E7-4B3A-A6A5-9B0A13291BB3}
	EndGlobalSection
	GlobalSection(ExtensibilityGlobals) = postSolution
		SolutionGuid = {F38AFC3E-F17E-420E-9297-1D1595941564}
	EndGlobalSection
EndGlobal
